
Microsoft Visual Studio Solution File, Format Version 12.00
# Visual Studio 2012
Project("{FAE04EC0-301F-11D3-BF4B-00C04F79EFBC}") = "DataStructure", "DataStructure\DataStructure.csproj", "{39786B7F-8CD5-4976-8A27-4CF0CF30F9F0}"
EndProject
Global
	GlobalSection(SolutionConfigurationPlatforms) = preSolution
		Debug|Any CPU = Debug|Any CPU
		Release|Any CPU = Release|Any CPU
	EndGlobalSection
	GlobalSection(ProjectConfigurationPlatforms) = postSolution
		{39786B7F-8CD5-4976-8A27-4CF0CF30F9F0}.Debug|Any CPU.ActiveCfg = Debug|Any CPU
		{39786B7F-8CD5-4976-8A27-4CF0CF30F9F0}.Debug|Any CPU.Build.0 = Debug|Any CPU
		{39786B7F-8CD5-4976-8A27-4CF0CF30F9F0}.Release|Any CPU.ActiveCfg = Release|Any CPU
		{39786B7F-8CD5-4976-8A27-4CF0CF30F9F0}.Release|Any CPU.Build.0 = Release|Any CPU
	EndGlobalSection
EndGlobal
